{
  "version": 4,
  "terraform_version": "1.13.3",
  "serial": 478,
  "lineage": "2cf344e6-83f2-6c64-a65f-17b0898c57f4",
  "outputs": {
    "litresits_bastion_info": {
      "value": {
        "ip": "192.168.0.140",
        "name": "bastion-vm1_litresits"
      },
      "type": [
        "object",
        {
          "ip": "string",
          "name": "string"
        }
      ]
    },
    "litresits_worker_info": {
      "value": [
        {
          "ip": "192.168.0.24",
          "name": "worker-vm1_litresits"
        }
      ],
      "type": [
        "tuple",
        [
          [
            "object",
            {
              "ip": "string",
              "name": "string"
            }
          ]
        ]
      ]
    }
  },
  "resources": [
    {
      "mode": "data",
      "type": "openstack_images_image_v2",
      "name": "litresits_ubuntu",
      "provider": "provider[\"registry.terraform.io/terraform-provider-openstack/openstack\"]",
      "instances": [
        {
          "schema_version": 0,
          "attributes": {
            "checksum": "1ea22d4b3b2145f725ad16760b018621",
            "container_format": "bare",
            "created_at": "2025-08-22T09:28:19Z",
            "disk_format": "raw",
            "file": "/v2/images/e3b0d39a-2894-49ca-9c66-b0c32b55b785/file",
            "hidden": false,
            "id": "e3b0d39a-2894-49ca-9c66-b0c32b55b785",
            "member_status": null,
            "metadata": {},
            "min_disk_gb": 0,
            "min_ram_mb": 0,
            "most_recent": false,
            "name": "Ubuntu 24.04 LTS - NV",
            "name_regex": null,
            "owner": "13b83c3ddffb48af9cbe68747282802e",
            "properties": {
              "description": "Ubuntu 24.04 LTS Cloud image with Docker and NVIDIA driver. username: ubuntu, password: ubuntu",
              "direct_url": "rbd://9e677412-fc07-11eb-a46e-272c7cf9cd68/images/e3b0d39a-2894-49ca-9c66-b0c32b55b785/snap",
              "hw_disk_bus": "scsi",
              "hw_qemu_guest_agent": "yes",
              "hw_scsi_model": "virtio-scsi",
              "os_hash_algo": "sha512",
              "os_hash_value": "fd658f20e8dbfa24d9d389f195f4fb3aba1ea6140ec7d23d9710ac5cab06c7884b7945cd2326e89c68234fefbd5b4c4c345a8772b5e4015e3141b034038436f7",
              "owner_specified.openstack.md5": "",
              "owner_specified.openstack.object": "images/Ubuntu 24.04 LTS - NV",
              "owner_specified.openstack.sha256": "",
              "stores": "rbd"
            },
            "protected": false,
            "region": "RegionOne",
            "schema": "/v2/schemas/image",
            "size_bytes": 6288244736,
            "size_max": null,
            "size_min": null,
            "sort_direction": "asc",
            "sort_key": "name",
            "tag": null,
            "tags": [],
            "updated_at": "2025-08-22T09:29:48Z",
            "visibility": "public"
          },
          "sensitive_attributes": [],
          "identity_schema_version": 0
        }
      ]
    },
    {
      "mode": "data",
      "type": "openstack_networking_network_v2",
      "name": "litresits_external",
      "provider": "provider[\"registry.terraform.io/terraform-provider-openstack/openstack\"]",
      "instances": [
        {
          "schema_version": 0,
          "attributes": {
            "admin_state_up": "true",
            "all_tags": [],
            "availability_zone_hints": [],
            "description": "",
            "dns_domain": "",
            "external": true,
            "id": "229d5e38-37db-44fd-af39-c1da0b651706",
            "matching_subnet_cidr": null,
            "mtu": 9000,
            "name": "ext-net",
            "network_id": null,
            "region": "RegionOne",
            "segments": [],
            "shared": "false",
            "status": null,
            "subnets": [
              "c49af679-d456-4a6a-b837-f7ce69ac6f0d"
            ],
            "tags": null,
            "tenant_id": "b74a8d927fe447a4b95b9656237812b6",
            "transparent_vlan": false
          },
          "sensitive_attributes": [],
          "identity_schema_version": 0
        }
      ]
    },
    {
      "mode": "data",
      "type": "openstack_networking_network_v2",
      "name": "litresits_private",
      "provider": "provider[\"registry.terraform.io/terraform-provider-openstack/openstack\"]",
      "instances": [
        {
          "schema_version": 0,
          "attributes": {
            "admin_state_up": "true",
            "all_tags": [],
            "availability_zone_hints": [],
            "description": "",
            "dns_domain": "",
            "external": false,
            "id": "a491361d-2506-4deb-bb74-868b7a6b4222",
            "matching_subnet_cidr": null,
            "mtu": 1500,
            "name": "default",
            "network_id": null,
            "region": "RegionOne",
            "segments": [],
            "shared": "false",
            "status": null,
            "subnets": [
              "a4124783-9baa-4a2a-b162-ecff9a6a0f56"
            ],
            "tags": null,
            "tenant_id": "2f871f2d42c0438288cad6a39693df83",
            "transparent_vlan": false
          },
          "sensitive_attributes": [],
          "identity_schema_version": 0
        }
      ]
    },
    {
      "mode": "managed",
      "type": "local_file",
      "name": "ansible_inventory",
      "provider": "provider[\"registry.terraform.io/hashicorp/local\"]",
      "instances": [
        {
          "schema_version": 0,
          "attributes": {
            "content": "[bastion]\r\nbastion_host ansible_host=193.225.250.235 ansible_user=ubuntu\r\n\r\n[workers]\r\nworker-vm1_litresits ansible_host=192.168.0.24 ansible_user=ubuntu\r\n\r\n[all:vars]\r\nansible_user=ubuntu\r\nansible_ssh_common_args='-o ForwardAgent=yes -o ProxyJump=bastion_host'\r\n",
            "content_base64": null,
            "content_base64sha256": "k1NrZyaALzMxmWM2eC4ya/3xxzyFgL00HbVQ1+KSqNQ=",
            "content_base64sha512": "8euYwhkMscGzC1y4gNr+6F2hgZzhvM2vbJzjM3Eygb3XxCCiucCPcoMnaNpM9C5gCustPxqdE35N+1YUltAkKg==",
            "content_md5": "b447a2e3ff7bc66a1eb798396ef53722",
            "content_sha1": "b3d33417f34b6d0732d4e576becc6db99730b8e3",
            "content_sha256": "93536b6726802f3331996336782e326bfdf1c73c8580bd341db550d7e292a8d4",
            "content_sha512": "f1eb98c2190cb1c1b30b5cb880dafee85da1819ce1bccdaf6c9ce333713281bdd7c420a2b9c08f72832768da4cf42e600aeb2d3f1a9d137e4dfb561496d0242a",
            "directory_permission": "0777",
            "file_permission": "0777",
            "filename": "./../ansible/inventory.ini",
            "id": "b3d33417f34b6d0732d4e576becc6db99730b8e3",
            "sensitive_content": null,
            "source": null
          },
          "sensitive_attributes": [
            [
              {
                "type": "get_attr",
                "value": "sensitive_content"
              }
            ]
          ],
          "identity_schema_version": 0,
          "dependencies": [
            "data.openstack_images_image_v2.litresits_ubuntu",
            "data.openstack_networking_network_v2.litresits_private",
            "openstack_compute_floatingip_associate_v2.litresits_bastion_ip_assoc",
            "openstack_compute_instance_v2.litresits_bastion",
            "openstack_compute_instance_v2.litresits_worker",
            "openstack_networking_secgroup_v2.litresits_secgroup"
          ]
        }
      ]
    },
    {
      "mode": "managed",
      "type": "local_file",
      "name": "ssh_config",
      "provider": "provider[\"registry.terraform.io/hashicorp/local\"]",
      "instances": [
        {
          "schema_version": 0,
          "attributes": {
            "content": "# === Managed by Terraform ===\r\n\r\nHost bastion_host\r\n  HostName 193.225.250.235\r\n  User ubuntu\r\n  ForwardAgent yes\r\n  IdentityFile ~/.ssh/id_rsa\r\n\r\nHost worker-vm1_litresits\r\n  HostName 192.168.0.24\r\n  User ubuntu\r\n  ProxyJump bastion_host\r\n  ForwardAgent yes\r\n  IdentityFile ~/.ssh/id_rsa\r\n\r\n# === End Managed by Terraform ===\r\n",
            "content_base64": null,
            "content_base64sha256": "smaIwUpxoZpHyFR5atc8Eq+zEztv61ArAIcsvDvHtWM=",
            "content_base64sha512": "ySajmSZ7DhXev7/GAQxSk6ItLLaxEj+HXoiyMLR3xCbDJASXuKgnFt9N195z6lGeVPuOmeb0PL9JIIuTzV7ZZA==",
            "content_md5": "78a9d047e6a6c58c479442d9d2a06f4d",
            "content_sha1": "e5df113b43f3baddc99d397a8b862e7c6223e36d",
            "content_sha256": "b26688c14a71a19a47c854796ad73c12afb3133b6feb502b00872cbc3bc7b563",
            "content_sha512": "c926a399267b0e15debfbfc6010c5293a22d2cb6b1123f875e88b230b477c426c3240497b8a82716df4dd7de73ea519e54fb8e99e6f43cbf49208b93cd5ed964",
            "directory_permission": "0777",
            "file_permission": "0777",
            "filename": "C:\\Users\\user\\.ssh\\config",
            "id": "e5df113b43f3baddc99d397a8b862e7c6223e36d",
            "sensitive_content": null,
            "source": null
          },
          "sensitive_attributes": [
            [
              {
                "type": "get_attr",
                "value": "sensitive_content"
              }
            ]
          ],
          "identity_schema_version": 0,
          "dependencies": [
            "data.openstack_images_image_v2.litresits_ubuntu",
            "data.openstack_networking_network_v2.litresits_private",
            "openstack_compute_floatingip_associate_v2.litresits_bastion_ip_assoc",
            "openstack_compute_instance_v2.litresits_bastion",
            "openstack_compute_instance_v2.litresits_worker",
            "openstack_networking_secgroup_v2.litresits_secgroup"
          ]
        }
      ]
    },
    {
      "mode": "managed",
      "type": "openstack_compute_floatingip_associate_v2",
      "name": "litresits_bastion_ip_assoc",
      "provider": "provider[\"registry.terraform.io/terraform-provider-openstack/openstack\"]",
      "instances": [
        {
          "schema_version": 0,
          "attributes": {
            "fixed_ip": "",
            "floating_ip": "193.225.250.235",
            "id": "193.225.250.235/a1b3af93-c083-4ca0-8180-8943c50c4815/",
            "instance_id": "a1b3af93-c083-4ca0-8180-8943c50c4815",
            "region": "RegionOne",
            "timeouts": null,
            "wait_until_associated": null
          },
          "sensitive_attributes": [],
          "identity_schema_version": 0,
          "private": "eyJlMmJmYjczMC1lY2FhLTExZTYtOGY4OC0zNDM2M2JjN2M0YzAiOnsiY3JlYXRlIjo2MDAwMDAwMDAwMDB9fQ==",
          "dependencies": [
            "data.openstack_images_image_v2.litresits_ubuntu",
            "data.openstack_networking_network_v2.litresits_private",
            "openstack_compute_instance_v2.litresits_bastion",
            "openstack_networking_secgroup_v2.litresits_secgroup"
          ]
        }
      ]
    },
    {
      "mode": "managed",
      "type": "openstack_compute_instance_v2",
      "name": "litresits_bastion",
      "provider": "provider[\"registry.terraform.io/terraform-provider-openstack/openstack\"]",
      "instances": [
        {
          "schema_version": 0,
          "attributes": {
            "access_ip_v4": "192.168.0.140",
            "access_ip_v6": "",
            "admin_pass": null,
            "all_metadata": {},
            "all_tags": [],
            "availability_zone": "nova",
            "availability_zone_hints": null,
            "block_device": [
              {
                "boot_index": 0,
                "delete_on_termination": true,
                "destination_type": "volume",
                "device_type": "",
                "disk_bus": "",
                "guest_format": "",
                "multiattach": false,
                "source_type": "image",
                "uuid": "e3b0d39a-2894-49ca-9c66-b0c32b55b785",
                "volume_size": 128,
                "volume_type": ""
              }
            ],
            "config_drive": null,
            "created": "2025-11-26 09:24:18 +0000 UTC",
            "flavor_id": "53e74ad9-7421-421a-ac83-9b774f01e554",
            "flavor_name": "g2.xlarge",
            "floating_ip": null,
            "force_delete": false,
            "id": "a1b3af93-c083-4ca0-8180-8943c50c4815",
            "image_id": "Attempt to boot from volume - no image supplied",
            "image_name": null,
            "key_pair": "litresits_sshkey",
            "metadata": null,
            "name": "bastion-vm1_litresits",
            "network": [
              {
                "access_network": false,
                "fixed_ip_v4": "192.168.0.140",
                "fixed_ip_v6": "",
                "floating_ip": "",
                "mac": "fa:16:3e:68:45:ac",
                "name": "default",
                "port": "",
                "uuid": "a491361d-2506-4deb-bb74-868b7a6b4222"
              }
            ],
            "network_mode": null,
            "personality": [],
            "power_state": "active",
            "region": "RegionOne",
            "scheduler_hints": [],
            "security_groups": [
              "litresits-secgroup"
            ],
            "stop_before_destroy": false,
            "tags": null,
            "timeouts": null,
            "updated": "2025-11-26 09:25:16 +0000 UTC",
            "user_data": null,
            "vendor_options": [],
            "volume": []
          },
          "sensitive_attributes": [
            [
              {
                "type": "get_attr",
                "value": "admin_pass"
              }
            ]
          ],
          "identity_schema_version": 0,
          "private": "eyJlMmJmYjczMC1lY2FhLTExZTYtOGY4OC0zNDM2M2JjN2M0YzAiOnsiY3JlYXRlIjoxODAwMDAwMDAwMDAwLCJkZWxldGUiOjE4MDAwMDAwMDAwMDAsInVwZGF0ZSI6MTgwMDAwMDAwMDAwMH19",
          "dependencies": [
            "data.openstack_images_image_v2.litresits_ubuntu",
            "data.openstack_networking_network_v2.litresits_private",
            "openstack_networking_secgroup_v2.litresits_secgroup"
          ]
        }
      ]
    },
    {
      "mode": "managed",
      "type": "openstack_compute_instance_v2",
      "name": "litresits_worker",
      "provider": "provider[\"registry.terraform.io/terraform-provider-openstack/openstack\"]",
      "instances": [
        {
          "index_key": 0,
          "schema_version": 0,
          "attributes": {
            "access_ip_v4": "192.168.0.24",
            "access_ip_v6": "",
            "admin_pass": null,
            "all_metadata": {},
            "all_tags": [],
            "availability_zone": "nova",
            "availability_zone_hints": null,
            "block_device": [
              {
                "boot_index": 0,
                "delete_on_termination": true,
                "destination_type": "volume",
                "device_type": "",
                "disk_bus": "",
                "guest_format": "",
                "multiattach": false,
                "source_type": "image",
                "uuid": "e3b0d39a-2894-49ca-9c66-b0c32b55b785",
                "volume_size": 128,
                "volume_type": ""
              }
            ],
            "config_drive": null,
            "created": "2025-11-26 09:24:18 +0000 UTC",
            "flavor_id": "53e74ad9-7421-421a-ac83-9b774f01e554",
            "flavor_name": "g2.xlarge",
            "floating_ip": null,
            "force_delete": false,
            "id": "918c7e59-be02-4a35-847e-984062dd30c8",
            "image_id": "Attempt to boot from volume - no image supplied",
            "image_name": null,
            "key_pair": "litresits_sshkey",
            "metadata": null,
            "name": "worker-vm1_litresits",
            "network": [
              {
                "access_network": false,
                "fixed_ip_v4": "192.168.0.24",
                "fixed_ip_v6": "",
                "floating_ip": "",
                "mac": "fa:16:3e:35:ca:d9",
                "name": "default",
                "port": "",
                "uuid": "a491361d-2506-4deb-bb74-868b7a6b4222"
              }
            ],
            "network_mode": null,
            "personality": [],
            "power_state": "active",
            "region": "RegionOne",
            "scheduler_hints": [],
            "security_groups": [
              "litresits-secgroup"
            ],
            "stop_before_destroy": false,
            "tags": null,
            "timeouts": null,
            "updated": "2025-11-26 09:25:24 +0000 UTC",
            "user_data": null,
            "vendor_options": [],
            "volume": []
          },
          "sensitive_attributes": [
            [
              {
                "type": "get_attr",
                "value": "admin_pass"
              }
            ]
          ],
          "identity_schema_version": 0,
          "private": "eyJlMmJmYjczMC1lY2FhLTExZTYtOGY4OC0zNDM2M2JjN2M0YzAiOnsiY3JlYXRlIjoxODAwMDAwMDAwMDAwLCJkZWxldGUiOjE4MDAwMDAwMDAwMDAsInVwZGF0ZSI6MTgwMDAwMDAwMDAwMH19",
          "dependencies": [
            "data.openstack_images_image_v2.litresits_ubuntu",
            "data.openstack_networking_network_v2.litresits_private",
            "openstack_networking_secgroup_v2.litresits_secgroup"
          ]
        }
      ]
    },
    {
      "mode": "managed",
      "type": "openstack_networking_secgroup_rule_v2",
      "name": "api_public_world",
      "provider": "provider[\"registry.terraform.io/terraform-provider-openstack/openstack\"]",
      "instances": [
        {
          "schema_version": 0,
          "attributes": {
            "description": "API public for testing from anywhere",
            "direction": "ingress",
            "ethertype": "IPv4",
            "id": "0e472202-1262-43e8-aeba-7a9c41cc157e",
            "port_range_max": 8000,
            "port_range_min": 8000,
            "protocol": "tcp",
            "region": "RegionOne",
            "remote_group_id": "",
            "remote_ip_prefix": "0.0.0.0/0",
            "security_group_id": "5940a5a1-e8f3-4e39-b7f7-f684aff71f25",
            "tenant_id": "2f871f2d42c0438288cad6a39693df83",
            "timeouts": null
          },
          "sensitive_attributes": [],
          "identity_schema_version": 0,
          "private": "eyJlMmJmYjczMC1lY2FhLTExZTYtOGY4OC0zNDM2M2JjN2M0YzAiOnsiZGVsZXRlIjo2MDAwMDAwMDAwMDB9fQ==",
          "dependencies": [
            "openstack_networking_secgroup_v2.litresits_secgroup"
          ]
        }
      ]
    },
    {
      "mode": "managed",
      "type": "openstack_networking_secgroup_rule_v2",
      "name": "icmp_in",
      "provider": "provider[\"registry.terraform.io/terraform-provider-openstack/openstack\"]",
      "instances": [
        {
          "schema_version": 0,
          "attributes": {
            "description": "",
            "direction": "ingress",
            "ethertype": "IPv4",
            "id": "1d582ea1-29a8-447d-9bd0-770a3e986ad8",
            "port_range_max": 0,
            "port_range_min": 0,
            "protocol": "icmp",
            "region": "RegionOne",
            "remote_group_id": "",
            "remote_ip_prefix": "192.168.0.0/24",
            "security_group_id": "5940a5a1-e8f3-4e39-b7f7-f684aff71f25",
            "tenant_id": "2f871f2d42c0438288cad6a39693df83",
            "timeouts": null
          },
          "sensitive_attributes": [],
          "identity_schema_version": 0,
          "private": "eyJlMmJmYjczMC1lY2FhLTExZTYtOGY4OC0zNDM2M2JjN2M0YzAiOnsiZGVsZXRlIjo2MDAwMDAwMDAwMDB9fQ==",
          "dependencies": [
            "openstack_networking_secgroup_v2.litresits_secgroup"
          ]
        }
      ]
    },
    {
      "mode": "managed",
      "type": "openstack_networking_secgroup_rule_v2",
      "name": "ssh_public_world",
      "provider": "provider[\"registry.terraform.io/terraform-provider-openstack/openstack\"]",
      "instances": [
        {
          "schema_version": 0,
          "attributes": {
            "description": "SSH open for testing from anywhere",
            "direction": "ingress",
            "ethertype": "IPv4",
            "id": "ee563217-b90a-474c-9a66-4b34dceb957f",
            "port_range_max": 22,
            "port_range_min": 22,
            "protocol": "tcp",
            "region": "RegionOne",
            "remote_group_id": "",
            "remote_ip_prefix": "0.0.0.0/0",
            "security_group_id": "5940a5a1-e8f3-4e39-b7f7-f684aff71f25",
            "tenant_id": "2f871f2d42c0438288cad6a39693df83",
            "timeouts": null
          },
          "sensitive_attributes": [],
          "identity_schema_version": 0,
          "private": "eyJlMmJmYjczMC1lY2FhLTExZTYtOGY4OC0zNDM2M2JjN2M0YzAiOnsiZGVsZXRlIjo2MDAwMDAwMDAwMDB9fQ==",
          "dependencies": [
            "openstack_networking_secgroup_v2.litresits_secgroup"
          ]
        }
      ]
    },
    {
      "mode": "managed",
      "type": "openstack_networking_secgroup_rule_v2",
      "name": "tcp_in",
      "provider": "provider[\"registry.terraform.io/terraform-provider-openstack/openstack\"]",
      "instances": [
        {
          "schema_version": 0,
          "attributes": {
            "description": "",
            "direction": "ingress",
            "ethertype": "IPv4",
            "id": "3622ed82-170c-4e39-b193-0d57508f0cad",
            "port_range_max": 0,
            "port_range_min": 0,
            "protocol": "tcp",
            "region": "RegionOne",
            "remote_group_id": "",
            "remote_ip_prefix": "192.168.0.0/24",
            "security_group_id": "5940a5a1-e8f3-4e39-b7f7-f684aff71f25",
            "tenant_id": "2f871f2d42c0438288cad6a39693df83",
            "timeouts": null
          },
          "sensitive_attributes": [],
          "identity_schema_version": 0,
          "private": "eyJlMmJmYjczMC1lY2FhLTExZTYtOGY4OC0zNDM2M2JjN2M0YzAiOnsiZGVsZXRlIjo2MDAwMDAwMDAwMDB9fQ==",
          "dependencies": [
            "openstack_networking_secgroup_v2.litresits_secgroup"
          ]
        }
      ]
    },
    {
      "mode": "managed",
      "type": "openstack_networking_secgroup_rule_v2",
      "name": "udp_in",
      "provider": "provider[\"registry.terraform.io/terraform-provider-openstack/openstack\"]",
      "instances": [
        {
          "schema_version": 0,
          "attributes": {
            "description": "",
            "direction": "ingress",
            "ethertype": "IPv4",
            "id": "ea010b63-23ee-4322-870a-fe38677e40cd",
            "port_range_max": 0,
            "port_range_min": 0,
            "protocol": "udp",
            "region": "RegionOne",
            "remote_group_id": "",
            "remote_ip_prefix": "192.168.0.0/24",
            "security_group_id": "5940a5a1-e8f3-4e39-b7f7-f684aff71f25",
            "tenant_id": "2f871f2d42c0438288cad6a39693df83",
            "timeouts": null
          },
          "sensitive_attributes": [],
          "identity_schema_version": 0,
          "private": "eyJlMmJmYjczMC1lY2FhLTExZTYtOGY4OC0zNDM2M2JjN2M0YzAiOnsiZGVsZXRlIjo2MDAwMDAwMDAwMDB9fQ==",
          "dependencies": [
            "openstack_networking_secgroup_v2.litresits_secgroup"
          ]
        }
      ]
    },
    {
      "mode": "managed",
      "type": "openstack_networking_secgroup_v2",
      "name": "litresits_secgroup",
      "provider": "provider[\"registry.terraform.io/terraform-provider-openstack/openstack\"]",
      "instances": [
        {
          "schema_version": 0,
          "attributes": {
            "all_tags": [],
            "delete_default_rules": null,
            "description": "Base security group",
            "id": "5940a5a1-e8f3-4e39-b7f7-f684aff71f25",
            "name": "litresits-secgroup",
            "region": "RegionOne",
            "tags": null,
            "tenant_id": "2f871f2d42c0438288cad6a39693df83",
            "timeouts": null
          },
          "sensitive_attributes": [],
          "identity_schema_version": 0,
          "private": "eyJlMmJmYjczMC1lY2FhLTExZTYtOGY4OC0zNDM2M2JjN2M0YzAiOnsiZGVsZXRlIjo2MDAwMDAwMDAwMDB9fQ=="
        }
      ]
    }
  ],
  "check_results": null
}
